# This file was autogenerated by Stack.
# You should not edit this file by hand.
# For more information, please see the documentation at:
#   https://docs.haskellstack.org/en/stable/lock_files

packages: []
snapshots:
- completed:
    size: 539714
    url: https://raw.githubusercontent.com/commercialhaskell/stackage-snapshots/master/nightly/2020/10/18.yaml
    sha256: 244324c856b80dc0ee2f084de73a48a7b1ee24553dabf272fafedc0192dfe8a5
  original: nightly-2020-10-18
