# This file was autogenerated by Stack.
# You should not edit this file by hand.
# For more information, please see the documentation at:
#   https://docs.haskellstack.org/en/stable/lock_files

packages:
- completed:
    hackage: brick-0.57@sha256:e43a78e4e1f263c70137712f9ead827fb6ef84f9d6bc2215a850bdc5513fab0c,15765
    pantry-tree:
      size: 6060
      sha256: e52144296ee9b58af70040807e4457b9db0f5996035eb264f099ce397582f6e5
  original:
    hackage: brick-0.57
snapshots:
- completed:
    size: 562051
    url: https://raw.githubusercontent.com/commercialhaskell/stackage-snapshots/master/nightly/2021/1/5.yaml
    sha256: be105362ec57d665ea17fa574ab195c49bb1f9a5bd9016174ef83cd368fba253
  original: nightly-2021-01-05
